
Microsoft Visual Studio Solution File, Format Version 12.00
# Visual Studio Version 17
VisualStudioVersion = 17.0.31903.59
MinimumVisualStudioVersion = 10.0.40219.1
Project("{FAE04EC0-301F-11D3-BF4B-00C04F79EFBC}") = "ICollection_IList_IEnumerable_IQueryable", "ICollection_IList_IEnumerable_IQueryable\ICollection_IList_IEnumerable_IQueryable.csproj", "{80D8AE68-EEBF-42C9-9807-E3D591357F4A}"
EndProject
Global
	GlobalSection(SolutionConfigurationPlatforms) = preSolution
		Debug|Any CPU = Debug|Any CPU
		Release|Any CPU = Release|Any CPU
	EndGlobalSection
	GlobalSection(ProjectConfigurationPlatforms) = postSolution
		{80D8AE68-EEBF-42C9-9807-E3D591357F4A}.Debug|Any CPU.ActiveCfg = Debug|Any CPU
		{80D8AE68-EEBF-42C9-9807-E3D591357F4A}.Debug|Any CPU.Build.0 = Debug|Any CPU
		{80D8AE68-EEBF-42C9-9807-E3D591357F4A}.Release|Any CPU.ActiveCfg = Release|Any CPU
		{80D8AE68-EEBF-42C9-9807-E3D591357F4A}.Release|Any CPU.Build.0 = Release|Any CPU
	EndGlobalSection
	GlobalSection(SolutionProperties) = preSolution
		HideSolutionNode = FALSE
	EndGlobalSection
	GlobalSection(ExtensibilityGlobals) = postSolution
		SolutionGuid = {C9C273AC-43AF-42E5-B192-23181A1A6345}
	EndGlobalSection
EndGlobal
